// !$*UTF8*$!
{
	archiveVersion = 1;
	classes = {
	};
	objectVersion = 50;
	objects = {

/* Begin PBXBuildFile section */
		DD5890ED270D6BB300CB46E0 /* AppDelegate.swift in Sources */ = {isa = PBXBuildFile; fileRef = DD5890EC270D6BB300CB46E0 /* AppDelegate.swift */; };
		DD5890EF270D6BB300CB46E0 /* SceneDelegate.swift in Sources */ = {isa = PBXBuildFile; fileRef = DD5890EE270D6BB300CB46E0 /* SceneDelegate.swift */; };
		DD5890F4270D6BB300CB46E0 /* Main.storyboard in Resources */ = {isa = PBXBuildFile; fileRef = DD5890F2270D6BB300CB46E0 /* Main.storyboard */; };
		DD5890F6270D6BB400CB46E0 /* Assets.xcassets in Resources */ = {isa = PBXBuildFile; fileRef = DD5890F5270D6BB400CB46E0 /* Assets.xcassets */; };
		DD5890F9270D6BB400CB46E0 /* LaunchScreen.storyboard in Resources */ = {isa = PBXBuildFile; fileRef = DD5890F7270D6BB400CB46E0 /* LaunchScreen.storyboard */; };
		DD589101270D70C600CB46E0 /* DiaryMainViewController.swift in Sources */ = {isa = PBXBuildFile; fileRef = DD589100270D70C600CB46E0 /* DiaryMainViewController.swift */; };
		DD589103270D7F2B00CB46E0 /* CustomEmotionView.swift in Sources */ = {isa = PBXBuildFile; fileRef = DD589102270D7F2B00CB46E0 /* CustomEmotionView.swift */; };
/* End PBXBuildFile section */

/* Begin PBXFileReference section */
		DD5890E9270D6BB300CB46E0 /* EmotionalDiary.app */ = {isa = PBXFileReference; explicitFileType = wrapper.application; includeInIndex = 0; path = EmotionalDiary.app; sourceTree = BUILT_PRODUCTS_DIR; };
		DD5890EC270D6BB300CB46E0 /* AppDelegate.swift */ = {isa = PBXFileReference; lastKnownFileType = sourcecode.swift; path = AppDelegate.swift; sourceTree = "<group>"; };
		DD5890EE270D6BB300CB46E0 /* SceneDelegate.swift */ = {isa = PBXFileReference; lastKnownFileType = sourcecode.swift; path = SceneDelegate.swift; sourceTree = "<group>"; };
		DD5890F3270D6BB300CB46E0 /* Base */ = {isa = PBXFileReference; lastKnownFileType = file.storyboard; name = Base; path = Base.lproj/Main.storyboard; sourceTree = "<group>"; };
		DD5890F5270D6BB400CB46E0 /* Assets.xcassets */ = {isa = PBXFileReference; lastKnownFileType = folder.assetcatalog; path = Assets.xcassets; sourceTree = "<group>"; };
		DD5890F8270D6BB400CB46E0 /* Base */ = {isa = PBXFileReference; lastKnownFileType = file.storyboard; name = Base; path = Base.lproj/LaunchScreen.storyboard; sourceTree = "<group>"; };
		DD5890FA270D6BB400CB46E0 /* Info.plist */ = {isa = PBXFileReference; lastKnownFileType = text.plist.xml; path = Info.plist; sourceTree = "<group>"; };
		DD589100270D70C600CB46E0 /* DiaryMainViewController.swift */ = {isa = PBXFileReference; lastKnownFileType = sourcecode.swift; path = DiaryMainViewController.swift; sourceTree = "<group>"; };
		DD589102270D7F2B00CB46E0 /* CustomEmotionView.swift */ = {isa = PBXFileReference; lastKnownFileType = sourcecode.swift; path = CustomEmotionView.swift; sourceTree = "<group>"; };
/* End PBXFileReference section */

/* Begin PBXFrameworksBuildPhase section */
		DD5890E6270D6BB300CB46E0 /* Frameworks */ = {
			isa = PBXFrameworksBuildPhase;
			buildActionMask = 2147483647;
			files = (
			);
			runOnlyForDeploymentPostprocessing = 0;
		};
/* End PBXFrameworksBuildPhase section */

/* Begin PBXGroup section */
		DD5890E0270D6BB300CB46E0 = {
			isa = PBXGroup;
			children = (
				DD5890EB270D6BB300CB46E0 /* EmotionalDiary */,
				DD5890EA270D6BB300CB46E0 /* Products */,
			);
			sourceTree = "<group>";
		};
		DD5890EA270D6BB300CB46E0 /* Products */ = {
			isa = PBXGroup;
			children = (
				DD5890E9270D6BB300CB46E0 /* EmotionalDiary.app */,
			);
			name = Products;
			sourceTree = "<group>";
		};
		DD5890EB270D6BB300CB46E0 /* EmotionalDiary */ = {
			isa = PBXGroup;
			children = (
				DD589107270DBC8A00CB46E0 /* Custom */,
				DD589106270DBC5A00CB46E0 /* Support */,
				DD5890F2270D6BB300CB46E0 /* Main.storyboard */,
				DD589100270D70C600CB46E0 /* DiaryMainViewController.swift */,
			);
			path = EmotionalDiary;
			sourceTree = "<group>";
		};
		DD589106270DBC5A00CB46E0 /* Support */ = {
			isa = PBXGroup;
			children = (
				DD5890F7270D6BB400CB46E0 /* LaunchScreen.storyboard */,
				DD5890EC270D6BB300CB46E0 /* AppDelegate.swift */,
				DD5890EE270D6BB300CB46E0 /* SceneDelegate.swift */,
				DD5890F5270D6BB400CB46E0 /* Assets.xcassets */,
				DD5890FA270D6BB400CB46E0 /* Info.plist */,
			);
			path = Support;
			sourceTree = "<group>";
		};
		DD589107270DBC8A00CB46E0 /* Custom */ = {
			isa = PBXGroup;
			children = (
				DD589102270D7F2B00CB46E0 /* CustomEmotionView.swift */,
			);
			path = Custom;
			sourceTree = "<group>";
		};
/* End PBXGroup section */

/* Begin PBXNativeTarget section */
		DD5890E8270D6BB300CB46E0 /* EmotionalDiary */ = {
			isa = PBXNativeTarget;
			buildConfigurationList = DD5890FD270D6BB400CB46E0 /* Build configuration list for PBXNativeTarget "EmotionalDiary" */;
			buildPhases = (
				DD5890E5270D6BB300CB46E0 /* Sources */,
				DD5890E6270D6BB300CB46E0 /* Frameworks */,
				DD5890E7270D6BB300CB46E0 /* Resources */,
			);
			buildRules = (
			);
			dependencies = (
			);
			name = EmotionalDiary;
			productName = EmotionalDiary;
			productReference = DD5890E9270D6BB300CB46E0 /* EmotionalDiary.app */;
			productType = "com.apple.product-type.application";
		};
/* End PBXNativeTarget section */

/* Begin PBXProject section */
		DD5890E1270D6BB300CB46E0 /* Project object */ = {
			isa = PBXProject;
			attributes = {
				LastSwiftUpdateCheck = 1250;
				LastUpgradeCheck = 1250;
				TargetAttributes = {
					DD5890E8270D6BB300CB46E0 = {
						CreatedOnToolsVersion = 12.5;
					};
				};
			};
			buildConfigurationList = DD5890E4270D6BB300CB46E0 /* Build configuration list for PBXProject "EmotionalDiary" */;
			compatibilityVersion = "Xcode 9.3";
			developmentRegion = en;
			hasScannedForEncodings = 0;
			knownRegions = (
				en,
				Base,
			);
			mainGroup = DD5890E0270D6BB300CB46E0;
			productRefGroup = DD5890EA270D6BB300CB46E0 /* Products */;
			projectDirPath = "";
			projectRoot = "";
			targets = (
				DD5890E8270D6BB300CB46E0 /* EmotionalDiary */,
			);
		};
/* End PBXProject section */

/* Begin PBXResourcesBuildPhase section */
		DD5890E7270D6BB300CB46E0 /* Resources */ = {
			isa = PBXResourcesBuildPhase;
			buildActionMask = 2147483647;
			files = (
				DD5890F9270D6BB400CB46E0 /* LaunchScreen.storyboard in Resources */,
				DD5890F6270D6BB400CB46E0 /* Assets.xcassets in Resources */,
				DD5890F4270D6BB300CB46E0 /* Main.storyboard in Resources */,
			);
			runOnlyForDeploymentPostprocessing = 0;
		};
/* End PBXResourcesBuildPhase section */

/* Begin PBXSourcesBuildPhase section */
		DD5890E5270D6BB300CB46E0 /* Sources */ = {
			isa = PBXSourcesBuildPhase;
			buildActionMask = 2147483647;
			files = (
				DD5890ED270D6BB300CB46E0 /* AppDelegate.swift in Sources */,
				DD5890EF270D6BB300CB46E0 /* SceneDelegate.swift in Sources */,
				DD589101270D70C600CB46E0 /* DiaryMainViewController.swift in Sources */,
				DD589103270D7F2B00CB46E0 /* CustomEmotionView.swift in Sources */,
			);
			runOnlyForDeploymentPostprocessing = 0;
		};
/* End PBXSourcesBuildPhase section */

/* Begin PBXVariantGroup section */
		DD5890F2270D6BB300CB46E0 /* Main.storyboard */ = {
			isa = PBXVariantGroup;
			children = (
				DD5890F3270D6BB300CB46E0 /* Base */,
			);
			name = Main.storyboard;
			sourceTree = "<group>";
		};
		DD5890F7270D6BB400CB46E0 /* LaunchScreen.storyboard */ = {
			isa = PBXVariantGroup;
			children = (
				DD5890F8270D6BB400CB46E0 /* Base */,
			);
			name = LaunchScreen.storyboard;
			sourceTree = "<group>";
		};
/* End PBXVariantGroup section */

/* Begin XCBuildConfiguration section */
		DD5890FB270D6BB400CB46E0 /* Debug */ = {
			isa = XCBuildConfiguration;
			buildSettings = {
				ALWAYS_SEARCH_USER_PATHS = NO;
				CLANG_ANALYZER_NONNULL = YES;
				CLANG_ANALYZER_NUMBER_OBJECT_CONVERSION = YES_AGGRESSIVE;
				CLANG_CXX_LANGUAGE_STANDARD = "gnu++14";
				CLANG_CXX_LIBRARY = "libc++";
				CLANG_ENABLE_MODULES = YES;
				CLANG_ENABLE_OBJC_ARC = YES;
				CLANG_ENABLE_OBJC_WEAK = YES;
				CLANG_WARN_BLOCK_CAPTURE_AUTORELEASING = YES;
				CLANG_WARN_BOOL_CONVERSION = YES;
				CLANG_WARN_COMMA = YES;
				CLANG_WARN_CONSTANT_CONVERSION = YES;
				CLANG_WARN_DEPRECATED_OBJC_IMPLEMENTATIONS = YES;
				CLANG_WARN_DIRECT_OBJC_ISA_USAGE = YES_ERROR;
				CLANG_WARN_DOCUMENTATION_COMMENTS = YES;
				CLANG_WARN_EMPTY_BODY = YES;
				CLANG_WARN_ENUM_CONVERSION = YES;
				CLANG_WARN_INFINITE_RECURSION = YES;
				CLANG_WARN_INT_CONVERSION = YES;
				CLANG_WARN_NON_LITERAL_NULL_CONVERSION = YES;
				CLANG_WARN_OBJC_IMPLICIT_RETAIN_SELF = YES;
				CLANG_WARN_OBJC_LITERAL_CONVERSION = YES;
				CLANG_WARN_OBJC_ROOT_CLASS = YES_ERROR;
				CLANG_WARN_QUOTED_INCLUDE_IN_FRAMEWORK_HEADER = YES;
				CLANG_WARN_RANGE_LOOP_ANALYSIS = YES;
				CLANG_WARN_STRICT_PROTOTYPES = YES;
				CLANG_WARN_SUSPICIOUS_MOVE = YES;
				CLANG_WARN_UNGUARDED_AVAILABILITY = YES_AGGRESSIVE;
				CLANG_WARN_UNREACHABLE_CODE = YES;
				CLANG_WARN__DUPLICATE_METHOD_MATCH = YES;
				COPY_PHASE_STRIP = NO;
				DEBUG_INFORMATION_FORMAT = dwarf;
				ENABLE_STRICT_OBJC_MSGSEND = YES;
				ENABLE_TESTABILITY = YES;
				GCC_C_LANGUAGE_STANDARD = gnu11;
				GCC_DYNAMIC_NO_PIC = NO;
				GCC_NO_COMMON_BLOCKS = YES;
				GCC_OPTIMIZATION_LEVEL = 0;
				GCC_PREPROCESSOR_DEFINITIONS = (
					"DEBUG=1",
					"$(inherited)",
				);
				GCC_WARN_64_TO_32_BIT_CONVERSION = YES;
				GCC_WARN_ABOUT_RETURN_TYPE = YES_ERROR;
				GCC_WARN_UNDECLARED_SELECTOR = YES;
				GCC_WARN_UNINITIALIZED_AUTOS = YES_AGGRESSIVE;
				GCC_WARN_UNUSED_FUNCTION = YES;
				GCC_WARN_UNUSED_VARIABLE = YES;
				IPHONEOS_DEPLOYMENT_TARGET = 14.5;
				MTL_ENABLE_DEBUG_INFO = INCLUDE_SOURCE;
				MTL_FAST_MATH = YES;
				ONLY_ACTIVE_ARCH = YES;
				SDKROOT = iphoneos;
				SWIFT_ACTIVE_COMPILATION_CONDITIONS = DEBUG;
				SWIFT_OPTIMIZATION_LEVEL = "-Onone";
			};
			name = Debug;
		};
		DD5890FC270D6BB400CB46E0 /* Release */ = {
			isa = XCBuildConfiguration;
			buildSettings = {
				ALWAYS_SEARCH_USER_PATHS = NO;
				CLANG_ANALYZER_NONNULL = YES;
				CLANG_ANALYZER_NUMBER_OBJECT_CONVERSION = YES_AGGRESSIVE;
				CLANG_CXX_LANGUAGE_STANDARD = "gnu++14";
				CLANG_CXX_LIBRARY = "libc++";
				CLANG_ENABLE_MODULES = YES;
				CLANG_ENABLE_OBJC_ARC = YES;
				CLANG_ENABLE_OBJC_WEAK = YES;
				CLANG_WARN_BLOCK_CAPTURE_AUTORELEASING = YES;
				CLANG_WARN_BOOL_CONVERSION = YES;
				CLANG_WARN_COMMA = YES;
				CLANG_WARN_CONSTANT_CONVERSION = YES;
				CLANG_WARN_DEPRECATED_OBJC_IMPLEMENTATIONS = YES;
				CLANG_WARN_DIRECT_OBJC_ISA_USAGE = YES_ERROR;
				CLANG_WARN_DOCUMENTATION_COMMENTS = YES;
				CLANG_WARN_EMPTY_BODY = YES;
				CLANG_WARN_ENUM_CONVERSION = YES;
				CLANG_WARN_INFINITE_RECURSION = YES;
				CLANG_WARN_INT_CONVERSION = YES;
				CLANG_WARN_NON_LITERAL_NULL_CONVERSION = YES;
				CLANG_WARN_OBJC_IMPLICIT_RETAIN_SELF = YES;
				CLANG_WARN_OBJC_LITERAL_CONVERSION = YES;
				CLANG_WARN_OBJC_ROOT_CLASS = YES_ERROR;
				CLANG_WARN_QUOTED_INCLUDE_IN_FRAMEWORK_HEADER = YES;
				CLANG_WARN_RANGE_LOOP_ANALYSIS = YES;
				CLANG_WARN_STRICT_PROTOTYPES = YES;
				CLANG_WARN_SUSPICIOUS_MOVE = YES;
				CLANG_WARN_UNGUARDED_AVAILABILITY = YES_AGGRESSIVE;
				CLANG_WARN_UNREACHABLE_CODE = YES;
				CLANG_WARN__DUPLICATE_METHOD_MATCH = YES;
				COPY_PHASE_STRIP = NO;
				DEBUG_INFORMATION_FORMAT = "dwarf-with-dsym";
				ENABLE_NS_ASSERTIONS = NO;
				ENABLE_STRICT_OBJC_MSGSEND = YES;
				GCC_C_LANGUAGE_STANDARD = gnu11;
				GCC_NO_COMMON_BLOCKS = YES;
				GCC_WARN_64_TO_32_BIT_CONVERSION = YES;
				GCC_WARN_ABOUT_RETURN_TYPE = YES_ERROR;
				GCC_WARN_UNDECLARED_SELECTOR = YES;
				GCC_WARN_UNINITIALIZED_AUTOS = YES_AGGRESSIVE;
				GCC_WARN_UNUSED_FUNCTION = YES;
				GCC_WARN_UNUSED_VARIABLE = YES;
				IPHONEOS_DEPLOYMENT_TARGET = 14.5;
				MTL_ENABLE_DEBUG_INFO = NO;
				MTL_FAST_MATH = YES;
				SDKROOT = iphoneos;
				SWIFT_COMPILATION_MODE = wholemodule;
				SWIFT_OPTIMIZATION_LEVEL = "-O";
				VALIDATE_PRODUCT = YES;
			};
			name = Release;
		};
		DD5890FE270D6BB400CB46E0 /* Debug */ = {
			isa = XCBuildConfiguration;
			buildSettings = {
				ASSETCATALOG_COMPILER_APPICON_NAME = AppIcon;
				ASSETCATALOG_COMPILER_GLOBAL_ACCENT_COLOR_NAME = AccentColor;
				CODE_SIGN_STYLE = Automatic;
				DEVELOPMENT_TEAM = WL7H63J22B;
				INFOPLIST_FILE = EmotionalDiary/Support/Info.plist;
				IPHONEOS_DEPLOYMENT_TARGET = 13.0;
				LD_RUNPATH_SEARCH_PATHS = (
					"$(inherited)",
					"@executable_path/Frameworks",
				);
				PRODUCT_BUNDLE_IDENTIFIER = net.woozzang.EmotionalDiary;
				PRODUCT_NAME = "$(TARGET_NAME)";
				SWIFT_VERSION = 5.0;
				TARGETED_DEVICE_FAMILY = 1;
			};
			name = Debug;
		};
		DD5890FF270D6BB400CB46E0 /* Release */ = {
			isa = XCBuildConfiguration;
			buildSettings = {
				ASSETCATALOG_COMPILER_APPICON_NAME = AppIcon;
				ASSETCATALOG_COMPILER_GLOBAL_ACCENT_COLOR_NAME = AccentColor;
				CODE_SIGN_STYLE = Automatic;
				DEVELOPMENT_TEAM = WL7H63J22B;
				INFOPLIST_FILE = EmotionalDiary/Support/Info.plist;
				IPHONEOS_DEPLOYMENT_TARGET = 13.0;
				LD_RUNPATH_SEARCH_PATHS = (
					"$(inherited)",
					"@executable_path/Frameworks",
				);
				PRODUCT_BUNDLE_IDENTIFIER = net.woozzang.EmotionalDiary;
				PRODUCT_NAME = "$(TARGET_NAME)";
				SWIFT_VERSION = 5.0;
				TARGETED_DEVICE_FAMILY = 1;
			};
			name = Release;
		};
/* End XCBuildConfiguration section */

/* Begin XCConfigurationList section */
		DD5890E4270D6BB300CB46E0 /* Build configuration list for PBXProject "EmotionalDiary" */ = {
			isa = XCConfigurationList;
			buildConfigurations = (
				DD5890FB270D6BB400CB46E0 /* Debug */,
				DD5890FC270D6BB400CB46E0 /* Release */,
			);
			defaultConfigurationIsVisible = 0;
			defaultConfigurationName = Release;
		};
		DD5890FD270D6BB400CB46E0 /* Build configuration list for PBXNativeTarget "EmotionalDiary" */ = {
			isa = XCConfigurationList;
			buildConfigurations = (
				DD5890FE270D6BB400CB46E0 /* Debug */,
				DD5890FF270D6BB400CB46E0 /* Release */,
			);
			defaultConfigurationIsVisible = 0;
			defaultConfigurationName = Release;
		};
/* End XCConfigurationList section */
	};
	rootObject = DD5890E1270D6BB300CB46E0 /* Project object */;
}
